
Microsoft Visual Studio Solution File, Format Version 12.00
# Visual Studio Version 17
VisualStudioVersion = 17.9.34607.119
MinimumVisualStudioVersion = 10.0.40219.1
Project("{FAE04EC0-301F-11D3-BF4B-00C04F79EFBC}") = "LockoutSample", "LockoutSample\LockoutSample.csproj", "{55CDE6DC-A7F8-4348-8BC8-7AAE5154BA33}"
EndProject
Global
	GlobalSection(SolutionConfigurationPlatforms) = preSolution
		Debug|Any CPU = Debug|Any CPU
		Release|Any CPU = Release|Any CPU
	EndGlobalSection
	GlobalSection(ProjectConfigurationPlatforms) = postSolution
		{55CDE6DC-A7F8-4348-8BC8-7AAE5154BA33}.Debug|Any CPU.ActiveCfg = Debug|Any CPU
		{55CDE6DC-A7F8-4348-8BC8-7AAE5154BA33}.Debug|Any CPU.Build.0 = Debug|Any CPU
		{55CDE6DC-A7F8-4348-8BC8-7AAE5154BA33}.Release|Any CPU.ActiveCfg = Release|Any CPU
		{55CDE6DC-A7F8-4348-8BC8-7AAE5154BA33}.Release|Any CPU.Build.0 = Release|Any CPU
	EndGlobalSection
	GlobalSection(SolutionProperties) = preSolution
		HideSolutionNode = FALSE
	EndGlobalSection
	GlobalSection(ExtensibilityGlobals) = postSolution
		SolutionGuid = {90E14556-93EB-4A58-8EC3-DF7807802EFA}
	EndGlobalSection
EndGlobal
